// !$*UTF8*$!
{
	archiveVersion = 1;
	classes = {
	};
	objectVersion = 48;
	objects = {

/* Begin PBXBuildFile section */
		18221BA220372B400031F31E /* AppDelegate.swift in Sources */ = {isa = PBXBuildFile; fileRef = 18221BA120372B400031F31E /* AppDelegate.swift */; };
		18221BA420372B400031F31E /* ViewController.swift in Sources */ = {isa = PBXBuildFile; fileRef = 18221BA320372B400031F31E /* ViewController.swift */; };
		18221BA720372B400031F31E /* Main.storyboard in Resources */ = {isa = PBXBuildFile; fileRef = 18221BA520372B400031F31E /* Main.storyboard */; };
		18221BA920372B400031F31E /* Assets.xcassets in Resources */ = {isa = PBXBuildFile; fileRef = 18221BA820372B400031F31E /* Assets.xcassets */; };
		18221BAC20372B400031F31E /* LaunchScreen.storyboard in Resources */ = {isa = PBXBuildFile; fileRef = 18221BAA20372B400031F31E /* LaunchScreen.storyboard */; };
		18221BB520372B800031F31E /* MapKit.framework in Frameworks */ = {isa = PBXBuildFile; fileRef = 18221BB420372B800031F31E /* MapKit.framework */; };
		1843F98620406C0600DAC0E5 /* map.png in Resources */ = {isa = PBXBuildFile; fileRef = 1843F98520406C0600DAC0E5 /* map.png */; };
/* End PBXBuildFile section */

/* Begin PBXFileReference section */
		18221B9E20372B400031F31E /* FindaProto.app */ = {isa = PBXFileReference; explicitFileType = wrapper.application; includeInIndex = 0; path = FindaProto.app; sourceTree = BUILT_PRODUCTS_DIR; };
		18221BA120372B400031F31E /* AppDelegate.swift */ = {isa = PBXFileReference; lastKnownFileType = sourcecode.swift; path = AppDelegate.swift; sourceTree = "<group>"; };
		18221BA320372B400031F31E /* ViewController.swift */ = {isa = PBXFileReference; lastKnownFileType = sourcecode.swift; path = ViewController.swift; sourceTree = "<group>"; };
		18221BA620372B400031F31E /* Base */ = {isa = PBXFileReference; lastKnownFileType = file.storyboard; name = Base; path = Base.lproj/Main.storyboard; sourceTree = "<group>"; };
		18221BA820372B400031F31E /* Assets.xcassets */ = {isa = PBXFileReference; lastKnownFileType = folder.assetcatalog; path = Assets.xcassets; sourceTree = "<group>"; };
		18221BAB20372B400031F31E /* Base */ = {isa = PBXFileReference; lastKnownFileType = file.storyboard; name = Base; path = Base.lproj/LaunchScreen.storyboard; sourceTree = "<group>"; };
		18221BAD20372B400031F31E /* Info.plist */ = {isa = PBXFileReference; lastKnownFileType = text.plist.xml; path = Info.plist; sourceTree = "<group>"; };
		18221BB420372B800031F31E /* MapKit.framework */ = {isa = PBXFileReference; lastKnownFileType = wrapper.framework; name = MapKit.framework; path = System/Library/Frameworks/MapKit.framework; sourceTree = SDKROOT; };
		1843F98520406C0600DAC0E5 /* map.png */ = {isa = PBXFileReference; lastKnownFileType = image.png; path = map.png; sourceTree = "<group>"; };
/* End PBXFileReference section */

/* Begin PBXFrameworksBuildPhase section */
		18221B9B20372B400031F31E /* Frameworks */ = {
			isa = PBXFrameworksBuildPhase;
			buildActionMask = 2147483647;
			files = (
				18221BB520372B800031F31E /* MapKit.framework in Frameworks */,
			);
			runOnlyForDeploymentPostprocessing = 0;
		};
/* End PBXFrameworksBuildPhase section */

/* Begin PBXGroup section */
		18221B9520372B400031F31E = {
			isa = PBXGroup;
			children = (
				18221BA020372B400031F31E /* FindaProto */,
				18221B9F20372B400031F31E /* Products */,
				18221BB320372B800031F31E /* Frameworks */,
			);
			sourceTree = "<group>";
		};
		18221B9F20372B400031F31E /* Products */ = {
			isa = PBXGroup;
			children = (
				18221B9E20372B400031F31E /* FindaProto.app */,
			);
			name = Products;
			sourceTree = "<group>";
		};
		18221BA020372B400031F31E /* FindaProto */ = {
			isa = PBXGroup;
			children = (
				18221BA120372B400031F31E /* AppDelegate.swift */,
				18221BA320372B400031F31E /* ViewController.swift */,
				18221BA520372B400031F31E /* Main.storyboard */,
				18221BA820372B400031F31E /* Assets.xcassets */,
				1843F98520406C0600DAC0E5 /* map.png */,
				18221BAA20372B400031F31E /* LaunchScreen.storyboard */,
				18221BAD20372B400031F31E /* Info.plist */,
			);
			path = FindaProto;
			sourceTree = "<group>";
		};
		18221BB320372B800031F31E /* Frameworks */ = {
			isa = PBXGroup;
			children = (
				18221BB420372B800031F31E /* MapKit.framework */,
			);
			name = Frameworks;
			sourceTree = "<group>";
		};
/* End PBXGroup section */

/* Begin PBXNativeTarget section */
		18221B9D20372B400031F31E /* FindaProto */ = {
			isa = PBXNativeTarget;
			buildConfigurationList = 18221BB020372B400031F31E /* Build configuration list for PBXNativeTarget "FindaProto" */;
			buildPhases = (
				18221B9A20372B400031F31E /* Sources */,
				18221B9B20372B400031F31E /* Frameworks */,
				18221B9C20372B400031F31E /* Resources */,
			);
			buildRules = (
			);
			dependencies = (
			);
			name = FindaProto;
			productName = FindaProto;
			productReference = 18221B9E20372B400031F31E /* FindaProto.app */;
			productType = "com.apple.product-type.application";
		};
/* End PBXNativeTarget section */

/* Begin PBXProject section */
		18221B9620372B400031F31E /* Project object */ = {
			isa = PBXProject;
			attributes = {
				LastSwiftUpdateCheck = 0920;
				LastUpgradeCheck = 0920;
				ORGANIZATIONNAME = databigit;
				TargetAttributes = {
					18221B9D20372B400031F31E = {
						CreatedOnToolsVersion = 9.2;
						ProvisioningStyle = Automatic;
					};
				};
			};
			buildConfigurationList = 18221B9920372B400031F31E /* Build configuration list for PBXProject "FindaProto" */;
			compatibilityVersion = "Xcode 8.0";
			developmentRegion = en;
			hasScannedForEncodings = 0;
			knownRegions = (
				en,
				Base,
			);
			mainGroup = 18221B9520372B400031F31E;
			productRefGroup = 18221B9F20372B400031F31E /* Products */;
			projectDirPath = "";
			projectRoot = "";
			targets = (
				18221B9D20372B400031F31E /* FindaProto */,
			);
		};
/* End PBXProject section */

/* Begin PBXResourcesBuildPhase section */
		18221B9C20372B400031F31E /* Resources */ = {
			isa = PBXResourcesBuildPhase;
			buildActionMask = 2147483647;
			files = (
				1843F98620406C0600DAC0E5 /* map.png in Resources */,
				18221BAC20372B400031F31E /* LaunchScreen.storyboard in Resources */,
				18221BA920372B400031F31E /* Assets.xcassets in Resources */,
				18221BA720372B400031F31E /* Main.storyboard in Resources */,
			);
			runOnlyForDeploymentPostprocessing = 0;
		};
/* End PBXResourcesBuildPhase section */

/* Begin PBXSourcesBuildPhase section */
		18221B9A20372B400031F31E /* Sources */ = {
			isa = PBXSourcesBuildPhase;
			buildActionMask = 2147483647;
			files = (
				18221BA420372B400031F31E /* ViewController.swift in Sources */,
				18221BA220372B400031F31E /* AppDelegate.swift in Sources */,
			);
			runOnlyForDeploymentPostprocessing = 0;
		};
/* End PBXSourcesBuildPhase section */

/* Begin PBXVariantGroup section */
		18221BA520372B400031F31E /* Main.storyboard */ = {
			isa = PBXVariantGroup;
			children = (
				18221BA620372B400031F31E /* Base */,
			);
			name = Main.storyboard;
			sourceTree = "<group>";
		};
		18221BAA20372B400031F31E /* LaunchScreen.storyboard */ = {
			isa = PBXVariantGroup;
			children = (
				18221BAB20372B400031F31E /* Base */,
			);
			name = LaunchScreen.storyboard;
			sourceTree = "<group>";
		};
/* End PBXVariantGroup section */

/* Begin XCBuildConfiguration section */
		18221BAE20372B400031F31E /* Debug */ = {
			isa = XCBuildConfiguration;
			buildSettings = {
				ALWAYS_SEARCH_USER_PATHS = NO;
				CLANG_ANALYZER_NONNULL = YES;
				CLANG_ANALYZER_NUMBER_OBJECT_CONVERSION = YES_AGGRESSIVE;
				CLANG_CXX_LANGUAGE_STANDARD = "gnu++14";
				CLANG_CXX_LIBRARY = "libc++";
				CLANG_ENABLE_MODULES = YES;
				CLANG_ENABLE_OBJC_ARC = YES;
				CLANG_WARN_BLOCK_CAPTURE_AUTORELEASING = YES;
				CLANG_WARN_BOOL_CONVERSION = YES;
				CLANG_WARN_COMMA = YES;
				CLANG_WARN_CONSTANT_CONVERSION = YES;
				CLANG_WARN_DIRECT_OBJC_ISA_USAGE = YES_ERROR;
				CLANG_WARN_DOCUMENTATION_COMMENTS = YES;
				CLANG_WARN_EMPTY_BODY = YES;
				CLANG_WARN_ENUM_CONVERSION = YES;
				CLANG_WARN_INFINITE_RECURSION = YES;
				CLANG_WARN_INT_CONVERSION = YES;
				CLANG_WARN_NON_LITERAL_NULL_CONVERSION = YES;
				CLANG_WARN_OBJC_LITERAL_CONVERSION = YES;
				CLANG_WARN_OBJC_ROOT_CLASS = YES_ERROR;
				CLANG_WARN_RANGE_LOOP_ANALYSIS = YES;
				CLANG_WARN_STRICT_PROTOTYPES = YES;
				CLANG_WARN_SUSPICIOUS_MOVE = YES;
				CLANG_WARN_UNGUARDED_AVAILABILITY = YES_AGGRESSIVE;
				CLANG_WARN_UNREACHABLE_CODE = YES;
				CLANG_WARN__DUPLICATE_METHOD_MATCH = YES;
				CODE_SIGN_IDENTITY = "iPhone Developer";
				COPY_PHASE_STRIP = NO;
				DEBUG_INFORMATION_FORMAT = dwarf;
				ENABLE_STRICT_OBJC_MSGSEND = YES;
				ENABLE_TESTABILITY = YES;
				GCC_C_LANGUAGE_STANDARD = gnu11;
				GCC_DYNAMIC_NO_PIC = NO;
				GCC_NO_COMMON_BLOCKS = YES;
				GCC_OPTIMIZATION_LEVEL = 0;
				GCC_PREPROCESSOR_DEFINITIONS = (
					"DEBUG=1",
					"$(inherited)",
				);
				GCC_WARN_64_TO_32_BIT_CONVERSION = YES;
				GCC_WARN_ABOUT_RETURN_TYPE = YES_ERROR;
				GCC_WARN_UNDECLARED_SELECTOR = YES;
				GCC_WARN_UNINITIALIZED_AUTOS = YES_AGGRESSIVE;
				GCC_WARN_UNUSED_FUNCTION = YES;
				GCC_WARN_UNUSED_VARIABLE = YES;
				IPHONEOS_DEPLOYMENT_TARGET = 11.2;
				MTL_ENABLE_DEBUG_INFO = YES;
				ONLY_ACTIVE_ARCH = YES;
				SDKROOT = iphoneos;
				SWIFT_ACTIVE_COMPILATION_CONDITIONS = DEBUG;
				SWIFT_OPTIMIZATION_LEVEL = "-Onone";
			};
			name = Debug;
		};
		18221BAF20372B400031F31E /* Release */ = {
			isa = XCBuildConfiguration;
			buildSettings = {
				ALWAYS_SEARCH_USER_PATHS = NO;
				CLANG_ANALYZER_NONNULL = YES;
				CLANG_ANALYZER_NUMBER_OBJECT_CONVERSION = YES_AGGRESSIVE;
				CLANG_CXX_LANGUAGE_STANDARD = "gnu++14";
				CLANG_CXX_LIBRARY = "libc++";
				CLANG_ENABLE_MODULES = YES;
				CLANG_ENABLE_OBJC_ARC = YES;
				CLANG_WARN_BLOCK_CAPTURE_AUTORELEASING = YES;
				CLANG_WARN_BOOL_CONVERSION = YES;
				CLANG_WARN_COMMA = YES;
				CLANG_WARN_CONSTANT_CONVERSION = YES;
				CLANG_WARN_DIRECT_OBJC_ISA_USAGE = YES_ERROR;
				CLANG_WARN_DOCUMENTATION_COMMENTS = YES;
				CLANG_WARN_EMPTY_BODY = YES;
				CLANG_WARN_ENUM_CONVERSION = YES;
				CLANG_WARN_INFINITE_RECURSION = YES;
				CLANG_WARN_INT_CONVERSION = YES;
				CLANG_WARN_NON_LITERAL_NULL_CONVERSION = YES;
				CLANG_WARN_OBJC_LITERAL_CONVERSION = YES;
				CLANG_WARN_OBJC_ROOT_CLASS = YES_ERROR;
				CLANG_WARN_RANGE_LOOP_ANALYSIS = YES;
				CLANG_WARN_STRICT_PROTOTYPES = YES;
				CLANG_WARN_SUSPICIOUS_MOVE = YES;
				CLANG_WARN_UNGUARDED_AVAILABILITY = YES_AGGRESSIVE;
				CLANG_WARN_UNREACHABLE_CODE = YES;
				CLANG_WARN__DUPLICATE_METHOD_MATCH = YES;
				CODE_SIGN_IDENTITY = "iPhone Developer";
				COPY_PHASE_STRIP = NO;
				DEBUG_INFORMATION_FORMAT = "dwarf-with-dsym";
				ENABLE_NS_ASSERTIONS = NO;
				ENABLE_STRICT_OBJC_MSGSEND = YES;
				GCC_C_LANGUAGE_STANDARD = gnu11;
				GCC_NO_COMMON_BLOCKS = YES;
				GCC_WARN_64_TO_32_BIT_CONVERSION = YES;
				GCC_WARN_ABOUT_RETURN_TYPE = YES_ERROR;
				GCC_WARN_UNDECLARED_SELECTOR = YES;
				GCC_WARN_UNINITIALIZED_AUTOS = YES_AGGRESSIVE;
				GCC_WARN_UNUSED_FUNCTION = YES;
				GCC_WARN_UNUSED_VARIABLE = YES;
				IPHONEOS_DEPLOYMENT_TARGET = 11.2;
				MTL_ENABLE_DEBUG_INFO = NO;
				SDKROOT = iphoneos;
				SWIFT_OPTIMIZATION_LEVEL = "-Owholemodule";
				VALIDATE_PRODUCT = YES;
			};
			name = Release;
		};
		18221BB120372B400031F31E /* Debug */ = {
			isa = XCBuildConfiguration;
			buildSettings = {
				ASSETCATALOG_COMPILER_APPICON_NAME = AppIcon;
				CODE_SIGN_STYLE = Automatic;
				INFOPLIST_FILE = FindaProto/Info.plist;
				IPHONEOS_DEPLOYMENT_TARGET = 10.2;
				LD_RUNPATH_SEARCH_PATHS = "$(inherited) @executable_path/Frameworks";
				PRODUCT_BUNDLE_IDENTIFIER = com.databigit.FindaProto;
				PRODUCT_NAME = "$(TARGET_NAME)";
				SWIFT_VERSION = 4.0;
				TARGETED_DEVICE_FAMILY = 1;
			};
			name = Debug;
		};
		18221BB220372B400031F31E /* Release */ = {
			isa = XCBuildConfiguration;
			buildSettings = {
				ASSETCATALOG_COMPILER_APPICON_NAME = AppIcon;
				CODE_SIGN_STYLE = Automatic;
				INFOPLIST_FILE = FindaProto/Info.plist;
				IPHONEOS_DEPLOYMENT_TARGET = 10.2;
				LD_RUNPATH_SEARCH_PATHS = "$(inherited) @executable_path/Frameworks";
				PRODUCT_BUNDLE_IDENTIFIER = com.databigit.FindaProto;
				PRODUCT_NAME = "$(TARGET_NAME)";
				SWIFT_VERSION = 4.0;
				TARGETED_DEVICE_FAMILY = 1;
			};
			name = Release;
		};
/* End XCBuildConfiguration section */

/* Begin XCConfigurationList section */
		18221B9920372B400031F31E /* Build configuration list for PBXProject "FindaProto" */ = {
			isa = XCConfigurationList;
			buildConfigurations = (
				18221BAE20372B400031F31E /* Debug */,
				18221BAF20372B400031F31E /* Release */,
			);
			defaultConfigurationIsVisible = 0;
			defaultConfigurationName = Release;
		};
		18221BB020372B400031F31E /* Build configuration list for PBXNativeTarget "FindaProto" */ = {
			isa = XCConfigurationList;
			buildConfigurations = (
				18221BB120372B400031F31E /* Debug */,
				18221BB220372B400031F31E /* Release */,
			);
			defaultConfigurationIsVisible = 0;
			defaultConfigurationName = Release;
		};
/* End XCConfigurationList section */
	};
	rootObject = 18221B9620372B400031F31E /* Project object */;
}
